
Microsoft Visual Studio Solution File, Format Version 12.00
# Visual Studio Version 16
VisualStudioVersion = 16.0.29102.190
MinimumVisualStudioVersion = 10.0.40219.1
Project("{9A19103F-16F7-4668-BE54-9A1E7A4F7556}") = "ResourceTagger", "ResourceTagger.csproj", "{6721AA5C-744D-470C-B966-BD734DF2605F}"
EndProject
Project("{FAE04EC0-301F-11D3-BF4B-00C04F79EFBC}") = "ResourceTaggerConsole", "..\ResourceTaggerConsole\ResourceTaggerConsole.csproj", "{B5F85EA0-EB65-439D-88A5-F2777C373EC6}"
EndProject
Project("{FAE04EC0-301F-11D3-BF4B-00C04F79EFBC}") = "CostPerOwner", "..\CostPerOwner\CostPerOwner.csproj", "{435CBB17-8C0A-4966-9522-BF97BFBB9982}"
EndProject
Global
	GlobalSection(SolutionConfigurationPlatforms) = preSolution
		Debug|Any CPU = Debug|Any CPU
		Release|Any CPU = Release|Any CPU
	EndGlobalSection
	GlobalSection(ProjectConfigurationPlatforms) = postSolution
		{6721AA5C-744D-470C-B966-BD734DF2605F}.Debug|Any CPU.ActiveCfg = Debug|Any CPU
		{6721AA5C-744D-470C-B966-BD734DF2605F}.Debug|Any CPU.Build.0 = Debug|Any CPU
		{6721AA5C-744D-470C-B966-BD734DF2605F}.Release|Any CPU.ActiveCfg = Release|Any CPU
		{6721AA5C-744D-470C-B966-BD734DF2605F}.Release|Any CPU.Build.0 = Release|Any CPU
		{B5F85EA0-EB65-439D-88A5-F2777C373EC6}.Debug|Any CPU.ActiveCfg = Debug|Any CPU
		{B5F85EA0-EB65-439D-88A5-F2777C373EC6}.Debug|Any CPU.Build.0 = Debug|Any CPU
		{B5F85EA0-EB65-439D-88A5-F2777C373EC6}.Release|Any CPU.ActiveCfg = Release|Any CPU
		{B5F85EA0-EB65-439D-88A5-F2777C373EC6}.Release|Any CPU.Build.0 = Release|Any CPU
		{435CBB17-8C0A-4966-9522-BF97BFBB9982}.Debug|Any CPU.ActiveCfg = Debug|Any CPU
		{435CBB17-8C0A-4966-9522-BF97BFBB9982}.Debug|Any CPU.Build.0 = Debug|Any CPU
		{435CBB17-8C0A-4966-9522-BF97BFBB9982}.Release|Any CPU.ActiveCfg = Release|Any CPU
		{435CBB17-8C0A-4966-9522-BF97BFBB9982}.Release|Any CPU.Build.0 = Release|Any CPU
	EndGlobalSection
	GlobalSection(SolutionProperties) = preSolution
		HideSolutionNode = FALSE
	EndGlobalSection
	GlobalSection(ExtensibilityGlobals) = postSolution
		SolutionGuid = {8825A51B-9C7B-4FED-9E29-DEC24B2CEF91}
	EndGlobalSection
EndGlobal
